
Microsoft Visual Studio Solution File, Format Version 12.00
# Visual Studio 2012
Project("{FAE04EC0-301F-11D3-BF4B-00C04F79EFBC}") = "ServerService", "ServerService\ServerService.csproj", "{1CAB7BEE-1AE8-4222-8CDB-498B3DECF641}"
EndProject
Project("{FAE04EC0-301F-11D3-BF4B-00C04F79EFBC}") = "CWSRestart", "CWSRestart\CWSRestart.csproj", "{2C796A1F-F142-4D67-A69D-D38E098ACC92}"
EndProject
Project("{FAE04EC0-301F-11D3-BF4B-00C04F79EFBC}") = "CWSWeb", "CWSWeb\CWSWeb.csproj", "{6155B009-B27D-4BFD-8CB9-89509CFD5FD5}"
EndProject
Project("{FAE04EC0-301F-11D3-BF4B-00C04F79EFBC}") = "CWSProtocol", "CWSProtocol\CWSProtocol.csproj", "{0EF0FF1F-A55E-43AC-AAAA-02A07890FD81}"
EndProject
Project("{FAE04EC0-301F-11D3-BF4B-00C04F79EFBC}") = "CubeWorldMITM", "CubeWorldMITM\CubeWorldMITM.csproj", "{C677FBBF-B48E-4C27-BE9C-A838D894A43C}"
EndProject
Project("{FAE04EC0-301F-11D3-BF4B-00C04F79EFBC}") = "Utilities", "Utilities\Utilities.csproj", "{70FCA487-0A21-4EF8-81C1-F74B41A1AD09}"
EndProject
Global
	GlobalSection(SolutionConfigurationPlatforms) = preSolution
		Debug|Any CPU = Debug|Any CPU
		Release|Any CPU = Release|Any CPU
	EndGlobalSection
	GlobalSection(ProjectConfigurationPlatforms) = postSolution
		{1CAB7BEE-1AE8-4222-8CDB-498B3DECF641}.Debug|Any CPU.ActiveCfg = Debug|Any CPU
		{1CAB7BEE-1AE8-4222-8CDB-498B3DECF641}.Debug|Any CPU.Build.0 = Debug|Any CPU
		{1CAB7BEE-1AE8-4222-8CDB-498B3DECF641}.Release|Any CPU.ActiveCfg = Release|Any CPU
		{1CAB7BEE-1AE8-4222-8CDB-498B3DECF641}.Release|Any CPU.Build.0 = Release|Any CPU
		{2C796A1F-F142-4D67-A69D-D38E098ACC92}.Debug|Any CPU.ActiveCfg = Debug|Any CPU
		{2C796A1F-F142-4D67-A69D-D38E098ACC92}.Debug|Any CPU.Build.0 = Debug|Any CPU
		{2C796A1F-F142-4D67-A69D-D38E098ACC92}.Release|Any CPU.ActiveCfg = Release|Any CPU
		{2C796A1F-F142-4D67-A69D-D38E098ACC92}.Release|Any CPU.Build.0 = Release|Any CPU
		{6155B009-B27D-4BFD-8CB9-89509CFD5FD5}.Debug|Any CPU.ActiveCfg = Debug|Any CPU
		{6155B009-B27D-4BFD-8CB9-89509CFD5FD5}.Debug|Any CPU.Build.0 = Debug|Any CPU
		{6155B009-B27D-4BFD-8CB9-89509CFD5FD5}.Release|Any CPU.ActiveCfg = Release|Any CPU
		{6155B009-B27D-4BFD-8CB9-89509CFD5FD5}.Release|Any CPU.Build.0 = Release|Any CPU
		{0EF0FF1F-A55E-43AC-AAAA-02A07890FD81}.Debug|Any CPU.ActiveCfg = Debug|Any CPU
		{0EF0FF1F-A55E-43AC-AAAA-02A07890FD81}.Debug|Any CPU.Build.0 = Debug|Any CPU
		{0EF0FF1F-A55E-43AC-AAAA-02A07890FD81}.Release|Any CPU.ActiveCfg = Release|Any CPU
		{0EF0FF1F-A55E-43AC-AAAA-02A07890FD81}.Release|Any CPU.Build.0 = Release|Any CPU
		{C677FBBF-B48E-4C27-BE9C-A838D894A43C}.Debug|Any CPU.ActiveCfg = Debug|Any CPU
		{C677FBBF-B48E-4C27-BE9C-A838D894A43C}.Debug|Any CPU.Build.0 = Debug|Any CPU
		{C677FBBF-B48E-4C27-BE9C-A838D894A43C}.Release|Any CPU.ActiveCfg = Release|Any CPU
		{C677FBBF-B48E-4C27-BE9C-A838D894A43C}.Release|Any CPU.Build.0 = Release|Any CPU
		{70FCA487-0A21-4EF8-81C1-F74B41A1AD09}.Debug|Any CPU.ActiveCfg = Debug|Any CPU
		{70FCA487-0A21-4EF8-81C1-F74B41A1AD09}.Debug|Any CPU.Build.0 = Debug|Any CPU
		{70FCA487-0A21-4EF8-81C1-F74B41A1AD09}.Release|Any CPU.ActiveCfg = Release|Any CPU
		{70FCA487-0A21-4EF8-81C1-F74B41A1AD09}.Release|Any CPU.Build.0 = Release|Any CPU
	EndGlobalSection
	GlobalSection(SolutionProperties) = preSolution
		HideSolutionNode = FALSE
	EndGlobalSection
EndGlobal
