
Microsoft Visual Studio Solution File, Format Version 12.00
# Visual Studio 2012
Project("{FAE04EC0-301F-11D3-BF4B-00C04F79EFBC}") = "ServerService", "ServerService\ServerService.csproj", "{1CAB7BEE-1AE8-4222-8CDB-498B3DECF641}"
EndProject
Project("{FAE04EC0-301F-11D3-BF4B-00C04F79EFBC}") = "CWSRestartGUI_Old", "CWSRestartGUI\CWSRestartGUI_Old.csproj", "{D1C2B7FC-806F-4200-BEB1-3D30135D1385}"
EndProject
Project("{FAE04EC0-301F-11D3-BF4B-00C04F79EFBC}") = "CWSRestart", "CWSRestart\CWSRestart.csproj", "{2C796A1F-F142-4D67-A69D-D38E098ACC92}"
EndProject
Global
	GlobalSection(SolutionConfigurationPlatforms) = preSolution
		Debug|Any CPU = Debug|Any CPU
		Release|Any CPU = Release|Any CPU
	EndGlobalSection
	GlobalSection(ProjectConfigurationPlatforms) = postSolution
		{1CAB7BEE-1AE8-4222-8CDB-498B3DECF641}.Debug|Any CPU.ActiveCfg = Debug|Any CPU
		{1CAB7BEE-1AE8-4222-8CDB-498B3DECF641}.Debug|Any CPU.Build.0 = Debug|Any CPU
		{1CAB7BEE-1AE8-4222-8CDB-498B3DECF641}.Release|Any CPU.ActiveCfg = Release|Any CPU
		{1CAB7BEE-1AE8-4222-8CDB-498B3DECF641}.Release|Any CPU.Build.0 = Release|Any CPU
		{D1C2B7FC-806F-4200-BEB1-3D30135D1385}.Debug|Any CPU.ActiveCfg = Debug|Any CPU
		{D1C2B7FC-806F-4200-BEB1-3D30135D1385}.Debug|Any CPU.Build.0 = Debug|Any CPU
		{D1C2B7FC-806F-4200-BEB1-3D30135D1385}.Release|Any CPU.ActiveCfg = Release|Any CPU
		{D1C2B7FC-806F-4200-BEB1-3D30135D1385}.Release|Any CPU.Build.0 = Release|Any CPU
		{2C796A1F-F142-4D67-A69D-D38E098ACC92}.Debug|Any CPU.ActiveCfg = Debug|Any CPU
		{2C796A1F-F142-4D67-A69D-D38E098ACC92}.Debug|Any CPU.Build.0 = Debug|Any CPU
		{2C796A1F-F142-4D67-A69D-D38E098ACC92}.Release|Any CPU.ActiveCfg = Release|Any CPU
		{2C796A1F-F142-4D67-A69D-D38E098ACC92}.Release|Any CPU.Build.0 = Release|Any CPU
	EndGlobalSection
	GlobalSection(SolutionProperties) = preSolution
		HideSolutionNode = FALSE
	EndGlobalSection
	GlobalSection(Performance) = preSolution
		HasPerformanceSessions = true
	EndGlobalSection
EndGlobal
